github.com/Azure/azure-amqp-common-go/v3 v3.0.0 h1:j9tjcwhypb/jek3raNrwlCIl7iKQYOug7CLpSyBBodc=
github.com/Azure/azure-amqp-common-go/v3 v3.0.0/go.mod h1:SY08giD/XbhTz07tJdpw1SoxQXHPN30+DI3Z04SYqyg=
github.com/Azure/azure-event-hubs-go v1.3.1 h1:vKw7tLOFJ8kVMkhNvOXZWz+3purRQ/WTe60+bavZ5qc=
github.com/Azure/azure-event-hubs-go/v3 v3.3.0 h1:Sxcll2O/5VLuyW8wgA3Qc/yUpVfoHWIS8gb637LqzBY=
github.com/Azure/azure-event-hubs-go/v3 v3.3.0/go.mod h1:LSZw8Q6j0iylRjGk4g9BPd+FzS35+Eff5gvs+t37iOM=
github.com/Azure/azure-kusto-go v0.2.0 h1:ZSY96Dw5RZYIqjNgzVMPl0vD1fQ+/2sHZuCJaFxuOYs=
github.com/Azure/azure-kusto-go v0.2.0/go.mod h1:kYOmnBOT+/7qn4pAbvjHDycQ051ULDliC//MpHooaIg=
github.com/Azure/azure-pipeline-go v0.1.8/go.mod h1:XA1kFWRVhSK+KNFiOhfv83Fv8L9achrP7OxIzeTn1Yg=
github.com/Azure/azure-pipeline-go v0.1.9/go.mod h1:XA1kFWRVhSK+KNFiOhfv83Fv8L9achrP7OxIzeTn1Yg=
github.com/Azure/azure-pipeline-go v0.2.1 h1:OLBdZJ3yvOn2MezlWvbrBMTEUQC72zAftRZOMdj5HYo=
github.com/Azure/azure-pipeline-go v0.2.1/go.mod h1:UGSo8XybXnIGZ3epmeBw7Jdz+HiUVpqIlpz/HKHylF4=
github.com/Azure/azure-sdk-for-go v37.1.0+incompatible h1:aFlw3lP7ZHQi4m1kWCpcwYtczhDkGhDoRaMTaxcOf68=
github.com/Azure/azure-sdk-for-go v37.1.0+incompatible/go.mod h1:9XXNKU+eRnpl9moKnB4QOLf1HestfXbmab5FXxiDBjc=
github.com/Azure/azure-sdk-for-go v44.0.0+incompatible h1:e82Yv2HNpS0kuyeCrV29OPKvEiqfs2/uJHic3/3iKdg=
github.com/Azure/azure-sdk-for-go v44.0.0+incompatible/go.mod h1:9XXNKU+eRnpl9moKnB4QOLf1HestfXbmab5FXxiDBjc=
github.com/Azure/azure-storage-blob-go v0.6.0/go.mod h1:oGfmITT1V6x//CswqY2gtAHND+xIP64/qL7a5QJix0Y=
github.com/Azure/azure-storage-blob-go v0.8.0 h1:53qhf0Oxa0nOjgbDeeYPUeyiNmafAFEY95rZLK0Tj6o=
github.com/Azure/azure-storage-blob-go v0.8.0/go.mod h1:lPI3aLPpuLTeUwh1sViKXFxwl2B6teiRqI0deQUvsw0=
github.com/Azure/azure-storage-queue-go v0.0.0-20191125232315-636801874cdd h1:b3wyxBl3vvr15tUAziPBPK354y+LSdfPCpex5oBttHo=
github.com/Azure/azure-storage-queue-go v0.0.0-20191125232315-636801874cdd/go.mod h1:K6am8mT+5iFXgingS9LUc7TmbsW6XBw3nxaRyaMyWc8=
github.com/Azure/go-amqp v0.12.6 h1:34yItuwhA/nusvq2sPSNPQxZLCf/CtaogYH8n578mnY=
github.com/Azure/go-amqp v0.12.6/go.mod h1:qApuH6OFTSKZFmCOxccvAv5rLizBQf4v8pRmG138DPo=
github.com/Azure/go-amqp v0.12.7 h1:/Uyqh30J5JrDFAOERQtEqP0qPWkrNXxr94vRnSa54Ac=
github.com/Azure/go-amqp v0.12.7/go.mod h1:qApuH6OFTSKZFmCOxccvAv5rLizBQf4v8pRmG138DPo=
github.com/Azure/go-autorest v14.2.0+incompatible h1:V5VMDjClD3GiElqLWO7mz2MxNAK/vTfRHdAubSIPRgs=
github.com/Azure/go-autorest v14.2.0+incompatible/go.mod h1:r+4oMnoxhatjLLJ6zxSWATqVooLgysK6ZNox3g/xq24=
github.com/Azure/go-autorest/autorest v0.9.0/go.mod h1:xyHB1BMZT0cuDHU7I0+g046+BFDTQ8rEZB0s4Yfa6bI=
github.com/Azure/go-autorest/autorest v0.9.3 h1:OZEIaBbMdUE/Js+BQKlpO81XlISgipr6yDJ+PSwsgi4=
github.com/Azure/go-autorest/autorest v0.9.3/go.mod h1:GsRuLYvwzLjjjRoWEIyMUaYq8GNUx2nRB378IPt/1p0=
github.com/Azure/go-autorest/autorest v0.10.0/go.mod h1:/FALq9T/kS7b5J5qsQ+RSTUdAmGFqi0vUdVNNx8q630=
github.com/Azure/go-autorest/autorest v0.11.0 h1:tnO41Uo+/0sxTMFY/U7aKg2abek3JOnnXcuSuba74jI=
github.com/Azure/go-autorest/autorest v0.11.0/go.mod h1:JFgpikqFJ/MleTTxwepExTKnFUKKszPS8UavbQYUMuw=
github.com/Azure/go-autorest/autorest/adal v0.5.0/go.mod h1:8Z9fGy2MpX0PvDjB1pEgQTmVqjGhiHBW7RJJEciWzS0=
github.com/Azure/go-autorest/autorest/adal v0.8.0/go.mod h1:Z6vX6WXXuyieHAXwMj0S6HY6e6wcHn37qQMBQlvY3lc=
github.com/Azure/go-autorest/autorest/adal v0.8.1 h1:pZdL8o72rK+avFWl+p9nE8RWi1JInZrWJYlnpfXJwHk=
github.com/Azure/go-autorest/autorest/adal v0.8.1/go.mod h1:ZjhuQClTqx435SRJ2iMlOxPYt3d2C/T/7TiQCVZSn3Q=
github.com/Azure/go-autorest/autorest/adal v0.8.2/go.mod h1:ZjhuQClTqx435SRJ2iMlOxPYt3d2C/T/7TiQCVZSn3Q=
github.com/Azure/go-autorest/autorest/adal v0.9.0 h1:SigMbuFNuKgc1xcGhaeapbh+8fgsu+GxgDRFyg7f5lM=
github.com/Azure/go-autorest/autorest/adal v0.9.0/go.mod h1:/c022QCutn2P7uY+/oQWWNcK9YU+MH96NgK+jErpbcg=
github.com/Azure/go-autorest/autorest/azure/auth v0.4.2 h1:iM6UAvjR97ZIeR93qTcwpKNMpV+/FTWjwEbuPD495Tk=
github.com/Azure/go-autorest/autorest/azure/auth v0.4.2/go.mod h1:90gmfKdlmKgfjUpnCEpOJzsUEjrWDSLwHIG73tSXddM=
github.com/Azure/go-autorest/autorest/azure/auth v0.5.0 h1:nSMjYIe24eBYasAIxt859TxyXef/IqoH+8/g4+LmcVs=
github.com/Azure/go-autorest/autorest/azure/auth v0.5.0/go.mod h1:QRTvSZQpxqm8mSErhnbI+tANIBAKP7B+UIE2z4ypUO0=
github.com/Azure/go-autorest/autorest/azure/cli v0.3.1 h1:LXl088ZQlP0SBppGFsRZonW6hSvwgL5gRByMbvUbx8U=
github.com/Azure/go-autorest/autorest/azure/cli v0.3.1/go.mod h1:ZG5p860J94/0kI9mNJVoIoLgXcirM2gF5i2kWloofxw=
github.com/Azure/go-autorest/autorest/azure/cli v0.4.0 h1:Ml+UCrnlKD+cJmSzrZ/RDcDw86NjkRUpnFh7V5JUhzU=
github.com/Azure/go-autorest/autorest/azure/cli v0.4.0/go.mod h1:JljT387FplPzBA31vUcvsetLKF3pec5bdAxjVU4kI2s=
github.com/Azure/go-autorest/autorest/date v0.1.0/go.mod h1:plvfp3oPSKwf2DNjlBjWF/7vwR+cUD/ELuzDCXwHUVA=
github.com/Azure/go-autorest/autorest/date v0.2.0 h1:yW+Zlqf26583pE43KhfnhFcdmSWlm5Ew6bxipnr/tbM=
github.com/Azure/go-autorest/autorest/date v0.2.0/go.mod h1:vcORJHLJEh643/Ioh9+vPmf1Ij9AEBM5FuBIXLmIy0g=
github.com/Azure/go-autorest/autorest/date v0.3.0 h1:7gUk1U5M/CQbp9WoqinNzJar+8KY+LPI6wiWrP/myHw=
github.com/Azure/go-autorest/autorest/date v0.3.0/go.mod h1:BI0uouVdmngYNUzGWeSYnokU+TrmwEsOqdt8Y6sso74=
github.com/Azure/go-autorest/autorest/mocks v0.1.0/go.mod h1:OTyCOPRA2IgIlWxVYxBee2F5Gr4kF2zd2J5cFRaIDN0=
github.com/Azure/go-autorest/autorest/mocks v0.2.0/go.mod h1:OTyCOPRA2IgIlWxVYxBee2F5Gr4kF2zd2J5cFRaIDN0=
github.com/Azure/go-autorest/autorest/mocks v0.3.0/go.mod h1:a8FDP3DYzQ4RYfVAxAN3SVSiiO77gL2j2ronKKP0syM=
github.com/Azure/go-autorest/autorest/mocks v0.4.0/go.mod h1:LTp+uSrOhSkaKrUy935gNZuuIPPVsHlr9DSOxSayd+k=
github.com/Azure/go-autorest/autorest/to v0.3.0 h1:zebkZaadz7+wIQYgC7GXaz3Wb28yKYfVkkBKwc38VF8=
github.com/Azure/go-autorest/autorest/to v0.3.0/go.mod h1:MgwOyqaIuKdG4TL/2ywSsIWKAfJfgHDo8ObuUk3t5sA=
github.com/Azure/go-autorest/autorest/to v0.4.0 h1:oXVqrxakqqV1UZdSazDOPOLvOIz+XA683u8EctwboHk=
github.com/Azure/go-autorest/autorest/to v0.4.0/go.mod h1:fE8iZBn7LQR7zH/9XU2NcPR4o9jEImooCeWJcYV/zLE=
github.com/Azure/go-autorest/autorest/validation v0.2.0 h1:15vMO4y76dehZSq7pAaOLQxC6dZYsSrj2GQpflyM/L4=
github.com/Azure/go-autorest/autorest/validation v0.2.0/go.mod h1:3EEqHnBxQGHXRYq3HT1WyXAvT7LLY3tl70hw6tQIbjI=
github.com/Azure/go-autorest/autorest/validation v0.3.0 h1:3I9AAI63HfcLtphd9g39ruUwRI+Ca+z/f36KHPFRUss=
github.com/Azure/go-autorest/autorest/validation v0.3.0/go.mod h1:yhLgjC0Wda5DYXl6JAsWyUe4KVNffhoDhG0zVzUMo3E=
github.com/Azure/go-autorest/logger v0.1.0 h1:ruG4BSDXONFRrZZJ2GUXDiUyVpayPmb1GnWeHDdaNKY=
github.com/Azure/go-autorest/logger v0.1.0/go.mod h1:oExouG+K6PryycPJfVSxi/koC6LSNgds39diKLz7Vrc=
github.com/Azure/go-autorest/logger v0.2.0 h1:e4RVHVZKC5p6UANLJHkM4OfR1UKZPj8Wt8Pcx+3oqrE=
github.com/Azure/go-autorest/logger v0.2.0/go.mod h1:T9E3cAhj2VqvPOtCYAvby9aBXkZmbF5NWuPV8+WeEW8=
github.com/Azure/go-autorest/tracing v0.5.0 h1:TRn4WjSnkcSy5AEG3pnbtFSwNtwzjr4VYyQflFE619k=
github.com/Azure/go-autorest/tracing v0.5.0/go.mod h1:r/s2XiOKccPW3HrqB+W0TQzfbtp2fGCgRFtBroKn4Dk=
github.com/Azure/go-autorest/tracing v0.6.0 h1:TYi4+3m5t6K48TGI9AUdb+IzbnSxvnvUMfuitfgcfuo=
github.com/Azure/go-autorest/tracing v0.6.0/go.mod h1:+vhtPC754Xsa23ID7GlGsrdKBpUA79WCAKPPZVC2DeU=
github.com/davecgh/go-spew v1.1.0/go.mod h1:J7Y8YcW2NihsgmVo/mv3lAwl/skON4iLHjSsI+c5H38=
github.com/davecgh/go-spew v1.1.1/go.mod h1:J7Y8YcW2NihsgmVo/mv3lAwl/skON4iLHjSsI+c5H38=
github.com/devigned/tab v0.1.1 h1:3mD6Kb1mUOYeLpJvTVSDwSg5ZsfSxfvxGRTxRsJsITA=
github.com/devigned/tab v0.1.1/go.mod h1:XG9mPq0dFghrYvoBF3xdRrJzSTX1b7IQrvaL9mzjeJY=
github.com/dgrijalva/jwt-go v3.2.0+incompatible h1:7qlOGliEKZXTDg6OTjfoBKDXWrumCAMpl/TFQ4/5kLM=
github.com/dgrijalva/jwt-go v3.2.0+incompatible/go.mod h1:E3ru+11k8xSBh+hMPgOLZmtrrCbhqsmaPHjLKYnJCaQ=
github.com/dimchansky/utfbom v1.1.0 h1:FcM3g+nofKgUteL8dm/UpdRXNC9KmADgTpLKsu0TRo4=
github.com/dimchansky/utfbom v1.1.0/go.mod h1:rO41eb7gLfo8SF1jd9F8HplJm1Fewwi4mQvIirEdv+8=
github.com/fortytw2/leaktest v1.3.0/go.mod h1:jDsjWgpAGjm2CA7WthBh/CdZYEPF31XHquHwclZch5g=
github.com/google/go-cmp v0.3.1/go.mod h1:8QqcDgzrUqlUb/G2PQTWiueGozuR1884gddMywk6iLU=
github.com/google/uuid v1.1.1 h1:Gkbcsh/GbpXz7lPftLA3P6TYMwjCLYm83jiFQZF/3gY=
github.com/google/uuid v1.1.1/go.mod h1:TIyPZe4MgqvfeYDBFedMoGGpEw/LqOeaOT+nhxU+yHo=
github.com/joho/godotenv v1.3.0 h1:Zjp+RcGpHhGlrMbJzXTrZZPrWj+1vfm90La1wgB6Bhc=
github.com/joho/godotenv v1.3.0/go.mod h1:7hK45KPybAkOC6peb+G5yklZfMxEjkZhHbwpqxOKXbg=
github.com/jpillora/backoff v0.0.0-20180909062703-3050d21c67d7 h1:K//n/AqR5HjG3qxbrBCL4vJPW0MVFSs9CPK1OOJdRME=
github.com/jpillora/backoff v0.0.0-20180909062703-3050d21c67d7/go.mod h1:2iMrUgbbvHEiQClaW2NsSzMyGHqN+rDFqY705q49KG0=
github.com/jpillora/backoff v1.0.0 h1:uvFg412JmmHBHw7iwprIxkPMI+sGQ4kzOWsMeHnm2EA=
github.com/jpillora/backoff v1.0.0/go.mod h1:J/6gKK9jxlEcS3zixgDgUAsiuZ7yrSoa/FX5e0EB2j4=
github.com/konsorten/go-windows-terminal-sequences v1.0.1/go.mod h1:T0+1ngSBFLxvqU3pZ+m/2kptfBszLMUkC4ZK/EgS/cQ=
github.com/konsorten/go-windows-terminal-sequences v1.0.3 h1:CE8S1cTafDpPvMhIxNJKvHsGVBgn1xWYf1NbHQhywc8=
github.com/konsorten/go-windows-terminal-sequences v1.0.3/go.mod h1:T0+1ngSBFLxvqU3pZ+m/2kptfBszLMUkC4ZK/EgS/cQ=
github.com/kr/pretty v0.1.0/go.mod h1:dAy3ld7l9f0ibDNOQOHHMYYIIbhfbHSm3C4ZsoJORNo=
github.com/kr/pty v1.1.1/go.mod h1:pFQYn66WHrOpPYNljwOMqo10TkYh1fy3cYio2l3bCsQ=
github.com/kr/text v0.1.0/go.mod h1:4Jbv+DJW3UT/LiOwJeYQe1efqtUx/iVham/4vfdArNI=
github.com/kylelemons/godebug v1.1.0/go.mod h1:9/0rRGxNHcop5bhtWyNeEfOS8JIWk580+fNqagV/RAw=
github.com/mattn/go-ieproxy v0.0.0-20190610004146-91bb50d98149 h1:HfxbT6/JcvIljmERptWhwa8XzP7H3T+Z2N26gTsaDaA=
github.com/mattn/go-ieproxy v0.0.0-20190610004146-91bb50d98149/go.mod h1:31jz6HNzdxOmlERGGEc4v/dMssOfmp2p5bT/okiKFFc=
github.com/mitchellh/go-homedir v1.1.0 h1:lukF9ziXFxDFPkA1vsr5zpc1XuPDn/wFntq5mG+4E0Y=
github.com/mitchellh/go-homedir v1.1.0/go.mod h1:SfyaCUpYCn1Vlf4IUYiD9fPX4A5wJrkLzIz1N1q0pr0=
github.com/mitchellh/mapstructure v1.1.2 h1:fmNYVwqnSfB9mZU6OS2O6GsXM+wcskZDuKQzvN1EDeE=
github.com/mitchellh/mapstructure v1.1.2/go.mod h1:FVVH3fgwuzCH5S8UJGiWEs2h04kUh9fWfEaFds41c1Y=
github.com/mitchellh/mapstructure v1.3.2 h1:mRS76wmkOn3KkKAyXDu42V+6ebnXWIztFSYGN7GeoRg=
github.com/mitchellh/mapstructure v1.3.2/go.mod h1:bFUtVrKA4DC2yAKiSyO/QUcy7e+RRV2QTWOzhPopBRo=
github.com/pkg/errors v0.8.1 h1:iURUrRGxPUNPdy5/HRSm+Yj6okJ6UtLINN0Q9M4+h3I=
github.com/pkg/errors v0.8.1/go.mod h1:bwawxfHBFNV+L2hUp1rHADufV3IMtnDRdf1r5NINEl0=
github.com/pkg/errors v0.9.1 h1:FEBLx1zS214owpjy7qsBeixbURkuhQAwrK5UwLGTwt4=
github.com/pkg/errors v0.9.1/go.mod h1:bwawxfHBFNV+L2hUp1rHADufV3IMtnDRdf1r5NINEl0=
github.com/pmezard/go-difflib v1.0.0/go.mod h1:iKH77koFhYxTK1pcRnkKkqfTogsbg7gZNVY4sRDYZ/4=
github.com/robfig/cron v1.2.0 h1:ZjScXvvxeQ63Dbyxy76Fj3AT3Ut0aKsyd2/tl3DTMuQ=
github.com/robfig/cron v1.2.0/go.mod h1:JGuDeoQd7Z6yL4zQhZ3OPEVHB7fL6Ka6skscFHfmt2k=
github.com/sirupsen/logrus v1.2.0/go.mod h1:LxeOpSwHxABJmUn/MG1IvRgCAasNZTLOkJPxbbu5VWo=
github.com/sirupsen/logrus v1.6.0 h1:UBcNElsrwanuuMsnGSlYmtmgbb23qDR5dG+6X6Oo89I=
github.com/sirupsen/logrus v1.6.0/go.mod h1:7uNnSEd1DgxDLC74fIahvMZmmYsHGZGEOFrfsX/uA88=
github.com/stretchr/objx v0.1.0/go.mod h1:HFkY916IF+rwdDfMAkV7OtwuqBVzrE8GR6GFx+wExME=
github.com/stretchr/objx v0.1.1/go.mod h1:HFkY916IF+rwdDfMAkV7OtwuqBVzrE8GR6GFx+wExME=
github.com/stretchr/testify v1.2.2/go.mod h1:a8OnRcib4nhh0OaRAV+Yts87kKdq0PP7pXfy6kDkUVs=
github.com/stretchr/testify v1.3.0/go.mod h1:M5WIy9Dh21IEIfnGCwXGc5bZfKNJtfHm1UVUgZn+9EI=
github.com/stretchr/testify v1.5.1/go.mod h1:5W2xD1RspED5o8YsWQXVCued0rvSQ+mT+I5cxcmMvtA=
golang.org/x/crypto v0.0.0-20180904163835-0709b304e793/go.mod h1:6SG95UA2DQfeDnfUPMdvaQW0Q7yPrPDi9nlGo2tz2b4=
golang.org/x/crypto v0.0.0-20190308221718-c2843e01d9a2/go.mod h1:djNgcEr1/C05ACkg1iLfiJU5Ep61QUkGW8qpdssI0+w=
golang.org/x/crypto v0.0.0-20191206172530-e9b2fee46413 h1:ULYEB3JvPRE/IfO+9uO7vKV/xzVTO7XPAwm8xbf4w2g=
golang.org/x/crypto v0.0.0-20191206172530-e9b2fee46413/go.mod h1:LzIPMQfyMNhhGPhUkYOs5KpL4U8rLKemX1yGLhDgUto=
golang.org/x/crypto v0.0.0-20200622213623-75b288015ac9 h1:psW17arqaxU48Z5kZ0CQnkZWQJsqcURM6tKiBApRjXI=
golang.org/x/crypto v0.0.0-20200622213623-75b288015ac9/go.mod h1:LzIPMQfyMNhhGPhUkYOs5KpL4U8rLKemX1yGLhDgUto=
golang.org/x/net v0.0.0-20190404232315-eb5bcb51f2a3/go.mod h1:t9HGtf8HONx5eT2rtn7q6eTqICYqUVnKs3thJo3Qplg=
golang.org/x/net v0.0.0-20190620200207-3b0461eec859 h1:R/3boaszxrf1GEUWTVDzSKVwLmSJpwZ1yqXm8j0v2QI=
golang.org/x/net v0.0.0-20190620200207-3b0461eec859/go.mod h1:z5CRVTTTmAJ677TzLLGU+0bjPO0LkuOLi4/5GtJWs/s=
golang.org/x/net v0.0.0-20200226121028-0de0cce0169b h1:0mm1VjtFUOIlE1SbDlwjYaDxZVDP2S5ou6y0gSgXHu8=
golang.org/x/net v0.0.0-20200226121028-0de0cce0169b/go.mod h1:z5CRVTTTmAJ677TzLLGU+0bjPO0LkuOLi4/5GtJWs/s=
golang.org/x/net v0.0.0-20200625001655-4c5254603344 h1:vGXIOMxbNfDTk/aXCmfdLgkrSV+Z2tcbze+pEc3v5W4=
golang.org/x/net v0.0.0-20200625001655-4c5254603344/go.mod h1:/O7V0waA8r7cgGh81Ro3o1hOxt32SMVPicZroKQ2sZA=
golang.org/x/sys v0.0.0-20180905080454-ebe1bf3edb33/go.mod h1:STP8DvDyc/dI5b8T5hshtkjS+E42TnysNCUPdjciGhY=
golang.org/x/sys v0.0.0-20190215142949-d0b11bdaac8a/go.mod h1:STP8DvDyc/dI5b8T5hshtkjS+E42TnysNCUPdjciGhY=
golang.org/x/sys v0.0.0-20190412213103-97732733099d h1:+R4KGOnez64A81RvjARKc4UT5/tI9ujCIVX+P5KiHuI=
golang.org/x/sys v0.0.0-20190412213103-97732733099d/go.mod h1:h1NjWce9XRLGQEsW7wpKNCjG9DtNlClVuFLEZdDNbEs=
golang.org/x/sys v0.0.0-20190422165155-953cdadca894 h1:Cz4ceDQGXuKRnVBDTS23GTn/pU5OE2C0WrNTOYK1Uuc=
golang.org/x/sys v0.0.0-20190422165155-953cdadca894/go.mod h1:h1NjWce9XRLGQEsW7wpKNCjG9DtNlClVuFLEZdDNbEs=
golang.org/x/sys v0.0.0-20200323222414-85ca7c5b95cd/go.mod h1:h1NjWce9XRLGQEsW7wpKNCjG9DtNlClVuFLEZdDNbEs=
golang.org/x/text v0.3.0 h1:g61tztE5qeGQ89tm6NTjjM9VPIm088od1l6aSorWRWg=
golang.org/x/text v0.3.0/go.mod h1:NqM8EUOU14njkJ3fqMW+pc6Ldnwhi/IjpwHt7yyuwOQ=
gopkg.in/check.v1 v0.0.0-20161208181325-20d25e280405/go.mod h1:Co6ibVJAznAaIkqp8huTwlJQCZ016jof/cbN4VW5Yz0=
gopkg.in/check.v1 v1.0.0-20161208181325-20d25e280405/go.mod h1:Co6ibVJAznAaIkqp8huTwlJQCZ016jof/cbN4VW5Yz0=
gopkg.in/check.v1 v1.0.0-20180628173108-788fd7840127/go.mod h1:Co6ibVJAznAaIkqp8huTwlJQCZ016jof/cbN4VW5Yz0=
gopkg.in/yaml.v2 v2.2.2/go.mod h1:hI93XBmqTisBFMUTm0b8Fm+jr3Dg1NNxqwp+5A1VGuI=
gopkg.in/yaml.v2 v2.2.8/go.mod h1:hI93XBmqTisBFMUTm0b8Fm+jr3Dg1NNxqwp+5A1VGuI=
